
Microsoft Visual Studio Solution File, Format Version 10.00
# Visual Studio 2008
Project("{FAE04EC0-301F-11D3-BF4B-00C04F79EFBC}") = "AsynchronousExample", "AsynchronousExample\AsynchronousExample.csproj", "{8A641615-C9B6-4116-BB40-AE34FABB4606}"
EndProject
Global
	GlobalSection(SolutionConfigurationPlatforms) = preSolution
		Debug|Any CPU = Debug|Any CPU
		Release|Any CPU = Release|Any CPU
	EndGlobalSection
	GlobalSection(ProjectConfigurationPlatforms) = postSolution
		{8A641615-C9B6-4116-BB40-AE34FABB4606}.Debug|Any CPU.ActiveCfg = Debug|Any CPU
		{8A641615-C9B6-4116-BB40-AE34FABB4606}.Debug|Any CPU.Build.0 = Debug|Any CPU
		{8A641615-C9B6-4116-BB40-AE34FABB4606}.Release|Any CPU.ActiveCfg = Release|Any CPU
		{8A641615-C9B6-4116-BB40-AE34FABB4606}.Release|Any CPU.Build.0 = Release|Any CPU
	EndGlobalSection
	GlobalSection(SolutionProperties) = preSolution
		HideSolutionNode = FALSE
	EndGlobalSection
EndGlobal
