
Microsoft Visual Studio Solution File, Format Version 10.00
# Visual Studio 2008
Project("{FAE04EC0-301F-11D3-BF4B-00C04F79EFBC}") = "TimeoutExample", "TimeoutExample\TimeoutExample.csproj", "{01835DD1-6AD3-402D-8C64-B9DDBF23E78B}"
EndProject
Global
	GlobalSection(SolutionConfigurationPlatforms) = preSolution
		Debug|Any CPU = Debug|Any CPU
		Release|Any CPU = Release|Any CPU
	EndGlobalSection
	GlobalSection(ProjectConfigurationPlatforms) = postSolution
		{01835DD1-6AD3-402D-8C64-B9DDBF23E78B}.Debug|Any CPU.ActiveCfg = Debug|Any CPU
		{01835DD1-6AD3-402D-8C64-B9DDBF23E78B}.Debug|Any CPU.Build.0 = Debug|Any CPU
		{01835DD1-6AD3-402D-8C64-B9DDBF23E78B}.Release|Any CPU.ActiveCfg = Release|Any CPU
		{01835DD1-6AD3-402D-8C64-B9DDBF23E78B}.Release|Any CPU.Build.0 = Release|Any CPU
	EndGlobalSection
	GlobalSection(SolutionProperties) = preSolution
		HideSolutionNode = FALSE
	EndGlobalSection
EndGlobal
